
Microsoft Visual Studio Solution File, Format Version 12.00
# Visual Studio Version 17
VisualStudioVersion = 17.14.36301.6 d17.14
MinimumVisualStudioVersion = 10.0.40219.1
Project("{FAE04EC0-301F-11D3-BF4B-00C04F79EFBC}") = "23SOEIT11008_DURGESH_KANZARIYA", "23SOEIT11008_DURGESH_KANZARIYA.csproj", "{1BC4E3BE-1458-4358-B204-013C249E31FD}"
EndProject
Global
	GlobalSection(SolutionConfigurationPlatforms) = preSolution
		Debug|Any CPU = Debug|Any CPU
		Release|Any CPU = Release|Any CPU
	EndGlobalSection
	GlobalSection(ProjectConfigurationPlatforms) = postSolution
		{1BC4E3BE-1458-4358-B204-013C249E31FD}.Debug|Any CPU.ActiveCfg = Debug|Any CPU
		{1BC4E3BE-1458-4358-B204-013C249E31FD}.Debug|Any CPU.Build.0 = Debug|Any CPU
		{1BC4E3BE-1458-4358-B204-013C249E31FD}.Release|Any CPU.ActiveCfg = Release|Any CPU
		{1BC4E3BE-1458-4358-B204-013C249E31FD}.Release|Any CPU.Build.0 = Release|Any CPU
	EndGlobalSection
	GlobalSection(SolutionProperties) = preSolution
		HideSolutionNode = FALSE
	EndGlobalSection
	GlobalSection(ExtensibilityGlobals) = postSolution
		SolutionGuid = {4C86099B-901D-49A0-B395-4CBC179D4D3E}
	EndGlobalSection
EndGlobal
